
Microsoft Visual Studio Solution File, Format Version 12.00
# Visual Studio Version 16
VisualStudioVersion = 16.0.31019.35
MinimumVisualStudioVersion = 10.0.40219.1
Project("{FAE04EC0-301F-11D3-BF4B-00C04F79EFBC}") = "MoviesWebApp", "MoviesWebApp\MoviesWebApp.csproj", "{4CBF7BDF-4BC4-4CCC-AC58-2EE02637DE03}"
EndProject
Global
	GlobalSection(SolutionConfigurationPlatforms) = preSolution
		Debug|Any CPU = Debug|Any CPU
		Release|Any CPU = Release|Any CPU
	EndGlobalSection
	GlobalSection(ProjectConfigurationPlatforms) = postSolution
		{4CBF7BDF-4BC4-4CCC-AC58-2EE02637DE03}.Debug|Any CPU.ActiveCfg = Debug|Any CPU
		{4CBF7BDF-4BC4-4CCC-AC58-2EE02637DE03}.Debug|Any CPU.Build.0 = Debug|Any CPU
		{4CBF7BDF-4BC4-4CCC-AC58-2EE02637DE03}.Release|Any CPU.ActiveCfg = Release|Any CPU
		{4CBF7BDF-4BC4-4CCC-AC58-2EE02637DE03}.Release|Any CPU.Build.0 = Release|Any CPU
	EndGlobalSection
	GlobalSection(SolutionProperties) = preSolution
		HideSolutionNode = FALSE
	EndGlobalSection
	GlobalSection(ExtensibilityGlobals) = postSolution
		SolutionGuid = {7D674C77-5892-4E26-8444-2AFE9394CC74}
	EndGlobalSection
EndGlobal
